
Microsoft Visual Studio Solution File, Format Version 12.00
# Visual Studio Version 16
VisualStudioVersion = 16.0.30804.86
MinimumVisualStudioVersion = 10.0.40219.1
Project("{9A19103F-16F7-4668-BE54-9A1E7A4F7556}") = "Example.Api", "Example.Api\Example.Api.csproj", "{72B77FD1-749A-4DD3-8A89-A162B1DF2E2E}"
EndProject
Project("{9A19103F-16F7-4668-BE54-9A1E7A4F7556}") = "Example.Tests", "Example.Tests\Example.Tests.csproj", "{E88898F7-A677-4959-9AED-84B64C1BAAEF}"
EndProject
Global
	GlobalSection(SolutionConfigurationPlatforms) = preSolution
		Debug|Any CPU = Debug|Any CPU
		Release|Any CPU = Release|Any CPU
	EndGlobalSection
	GlobalSection(ProjectConfigurationPlatforms) = postSolution
		{72B77FD1-749A-4DD3-8A89-A162B1DF2E2E}.Debug|Any CPU.ActiveCfg = Debug|Any CPU
		{72B77FD1-749A-4DD3-8A89-A162B1DF2E2E}.Debug|Any CPU.Build.0 = Debug|Any CPU
		{72B77FD1-749A-4DD3-8A89-A162B1DF2E2E}.Release|Any CPU.ActiveCfg = Release|Any CPU
		{72B77FD1-749A-4DD3-8A89-A162B1DF2E2E}.Release|Any CPU.Build.0 = Release|Any CPU
		{E88898F7-A677-4959-9AED-84B64C1BAAEF}.Debug|Any CPU.ActiveCfg = Debug|Any CPU
		{E88898F7-A677-4959-9AED-84B64C1BAAEF}.Debug|Any CPU.Build.0 = Debug|Any CPU
		{E88898F7-A677-4959-9AED-84B64C1BAAEF}.Release|Any CPU.ActiveCfg = Release|Any CPU
		{E88898F7-A677-4959-9AED-84B64C1BAAEF}.Release|Any CPU.Build.0 = Release|Any CPU
	EndGlobalSection
	GlobalSection(SolutionProperties) = preSolution
		HideSolutionNode = FALSE
	EndGlobalSection
	GlobalSection(ExtensibilityGlobals) = postSolution
		SolutionGuid = {4CD9E004-B621-490B-B084-B2B60FC2E962}
	EndGlobalSection
EndGlobal
